{
    "name": "frontend",
    "version": "1.0.0",
    "lockfileVersion": 2,
    "dependencies": {
      "express": {
        "version": "4.17.1",
        "resolved": "https://registry.npmjs.org/express/-/express-4.17.1.tgz",
        "integrity": "sha512-XZKQDdHp+ZROhUbR1B1yI4cWzqDdmFkZX9dk7i2Pfg1m1Eddp9EYtdF0ka9DE66lgVYt8zOfUpLl4L8+pzzs4g==",
        "engines": {
          "node": ">= 0.10.0"
        },
        "dev": true
      }
    }
  }
  